
Microsoft Visual Studio Solution File, Format Version 12.00
# Visual Studio Version 16
VisualStudioVersion = 16.0.29521.150
MinimumVisualStudioVersion = 10.0.40219.1
Project("{13B669BE-BB05-4DDF-9536-439F39A36129}") = "WiX.Build.Sdk.Sample", "WiX.Build.Sdk.Sample\WiX.Build.Sdk.Sample.msbuildproj", "{C722B0D4-FBCC-4EB3-811D-EA68D988146A}"
EndProject
Project("{9A19103F-16F7-4668-BE54-9A1E7A4F7556}") = "WiX.Build.Sample.App", "WiX.Build.Sample.App\WiX.Build.Sample.App.csproj", "{E43950CC-5CC9-4DCF-B628-C897913A7B73}"
EndProject
Global
	GlobalSection(SolutionConfigurationPlatforms) = preSolution
		Debug|Any CPU = Debug|Any CPU
		Release|Any CPU = Release|Any CPU
	EndGlobalSection
	GlobalSection(ProjectConfigurationPlatforms) = postSolution
		{C722B0D4-FBCC-4EB3-811D-EA68D988146A}.Debug|Any CPU.ActiveCfg = Debug|Any CPU
		{C722B0D4-FBCC-4EB3-811D-EA68D988146A}.Debug|Any CPU.Build.0 = Debug|Any CPU
		{C722B0D4-FBCC-4EB3-811D-EA68D988146A}.Release|Any CPU.ActiveCfg = Release|Any CPU
		{C722B0D4-FBCC-4EB3-811D-EA68D988146A}.Release|Any CPU.Build.0 = Release|Any CPU
		{E43950CC-5CC9-4DCF-B628-C897913A7B73}.Debug|Any CPU.ActiveCfg = Debug|Any CPU
		{E43950CC-5CC9-4DCF-B628-C897913A7B73}.Debug|Any CPU.Build.0 = Debug|Any CPU
		{E43950CC-5CC9-4DCF-B628-C897913A7B73}.Release|Any CPU.ActiveCfg = Release|Any CPU
		{E43950CC-5CC9-4DCF-B628-C897913A7B73}.Release|Any CPU.Build.0 = Release|Any CPU
	EndGlobalSection
	GlobalSection(SolutionProperties) = preSolution
		HideSolutionNode = FALSE
	EndGlobalSection
	GlobalSection(ExtensibilityGlobals) = postSolution
		SolutionGuid = {1DA98236-77FC-4844-B374-4297FDEAFBE3}
	EndGlobalSection
EndGlobal
